Microsoft Visual Studio Solution File, Format Version 11.00
# Visual Studio 2008

Project("{F948A05C-45E0-0A72-E559-BE374C37B4CF}") = "Procedural Death Labyrinth", "Assembly-CSharp-vs.csproj", "{EF5FE1B4-BC88-4F50-0A44-DFCE8D43E5BC}"
EndProject
Global
	GlobalSection(SolutionConfigurationPlatforms) = preSolution
		Debug|Any CPU = Debug|Any CPU
		Release|Any CPU = Release|Any CPU
	EndGlobalSection
	GlobalSection(ProjectConfigurationPlatforms) = postSolution
		{EF5FE1B4-BC88-4F50-0A44-DFCE8D43E5BC}.Debug|Any CPU.ActiveCfg = Debug|Any CPU
		{EF5FE1B4-BC88-4F50-0A44-DFCE8D43E5BC}.Debug|Any CPU.Build.0 = Debug|Any CPU
		{EF5FE1B4-BC88-4F50-0A44-DFCE8D43E5BC}.Release|Any CPU.ActiveCfg = Release|Any CPU
		{EF5FE1B4-BC88-4F50-0A44-DFCE8D43E5BC}.Release|Any CPU.Build.0 = Release|Any CPU
	EndGlobalSection
	GlobalSection(SolutionProperties) = preSolution
		HideSolutionNode = FALSE
	EndGlobalSection
																																										GlobalSection(MonoDevelopProperties) = preSolution
		StartupItem = Assembly-CSharp.csproj
		Policies = $0
		$0.TextStylePolicy = $1
		$1.inheritsSet = null
		$1.scope = text/x-csharp
		$0.CSharpFormattingPolicy = $2
		$2.inheritsSet = Mono
		$2.inheritsScope = text/x-csharp
		$2.scope = text/x-csharp
		$0.TextStylePolicy = $3
		$3.FileWidth = 120
		$3.TabWidth = 4
		$3.EolMarker = Unix
		$3.inheritsSet = Mono
		$3.inheritsScope = text/plain
		$3.scope = text/plain
	EndGlobalSection

EndGlobal
